
Microsoft Visual Studio Solution File, Format Version 12.00
# Visual Studio Version 16
VisualStudioVersion = 16.0.32602.291
MinimumVisualStudioVersion = 10.0.40219.1
Project("{FAE04EC0-301F-11D3-BF4B-00C04F79EFBC}") = "CRUDAssignment", "CRUDAssignment.csproj", "{8E4B5867-743A-4E55-943F-11307D700AEA}"
EndProject
Global
	GlobalSection(SolutionConfigurationPlatforms) = preSolution
		Debug|Any CPU = Debug|Any CPU
		Release|Any CPU = Release|Any CPU
	EndGlobalSection
	GlobalSection(ProjectConfigurationPlatforms) = postSolution
		{8E4B5867-743A-4E55-943F-11307D700AEA}.Debug|Any CPU.ActiveCfg = Debug|Any CPU
		{8E4B5867-743A-4E55-943F-11307D700AEA}.Debug|Any CPU.Build.0 = Debug|Any CPU
		{8E4B5867-743A-4E55-943F-11307D700AEA}.Release|Any CPU.ActiveCfg = Release|Any CPU
		{8E4B5867-743A-4E55-943F-11307D700AEA}.Release|Any CPU.Build.0 = Release|Any CPU
	EndGlobalSection
	GlobalSection(SolutionProperties) = preSolution
		HideSolutionNode = FALSE
	EndGlobalSection
	GlobalSection(ExtensibilityGlobals) = postSolution
		SolutionGuid = {314DEB66-9D69-4C0E-96D1-AE434C6BF0A5}
	EndGlobalSection
EndGlobal
